<?xml version="1.0" encoding="utf-8"?>
<Project ToolsVersion="4.0" xmlns="http://schemas.microsoft.com/developer/msbuild/2003">
  <ItemGroup>
    <Filter Include="imgui">
      <UniqueIdentifier>{bd732d3a-22b5-4fb6-a9e1-381bbe962618}</UniqueIdentifier>
    </Filter>
    <Filter Include="imgui\backends">
      <UniqueIdentifier>{564ee1fb-12ed-4a8b-a813-b7dbaa2e8d6b}</UniqueIdentifier>
    </Filter>
    <Filter Include="フレームファイル">
      <UniqueIdentifier>{af829ad1-fdb0-4de9-a0c6-942b77382c6f}</UniqueIdentifier>
    </Filter>
    <Filter Include="オブジェクトファイル">
      <UniqueIdentifier>{34129637-c0f5-423a-8fdf-973c09107029}</UniqueIdentifier>
    </Filter>
    <Filter Include="オブジェクトファイル\Billboard">
      <UniqueIdentifier>{93586d50-1ba3-4499-9ca1-13d9e2e78edb}</UniqueIdentifier>
    </Filter>
    <Filter Include="オブジェクトファイル\Bullet">
      <UniqueIdentifier>{d118c621-89f5-43f7-b9aa-796c0f32c0e3}</UniqueIdentifier>
    </Filter>
    <Filter Include="オブジェクトファイル\Box">
      <UniqueIdentifier>{76496c8a-fa84-45c0-a412-b5db71a4a791}</UniqueIdentifier>
    </Filter>
    <Filter Include="オブジェクトファイル\Camera">
      <UniqueIdentifier>{074882c5-2841-4efe-92ae-59c059d3a76d}</UniqueIdentifier>
    </Filter>
    <Filter Include="オブジェクトファイル\Cube">
      <UniqueIdentifier>{6debfc1e-00d5-4e61-ac28-decb81e77fb7}</UniqueIdentifier>
    </Filter>
    <Filter Include="オブジェクトファイル\Enemy">
      <UniqueIdentifier>{d3a2789c-0c6a-40b6-bb25-4f520aebe4fc}</UniqueIdentifier>
    </Filter>
    <Filter Include="オブジェクトファイル\Effect">
      <UniqueIdentifier>{727afb8b-f80a-4e8c-a110-e292e23ffdb0}</UniqueIdentifier>
    </Filter>
    <Filter Include="オブジェクトファイル\Effect\Explosion">
      <UniqueIdentifier>{3ecc37d4-db24-4269-9152-7bbda6570f60}</UniqueIdentifier>
    </Filter>
    <Filter Include="オブジェクトファイル\Field">
      <UniqueIdentifier>{b11d3519-7230-422d-b09a-5e7813898ed0}</UniqueIdentifier>
    </Filter>
    <Filter Include="オブジェクトファイル\Player">
      <UniqueIdentifier>{b3ff63b3-1fc2-4bd5-9c16-044801bf18c6}</UniqueIdentifier>
    </Filter>
    <Filter Include="オブジェクトファイル\Polygon2D">
      <UniqueIdentifier>{037a20f5-7564-42aa-939e-0c34ec6c810a}</UniqueIdentifier>
    </Filter>
    <Filter Include="オブジェクトファイル\Sky">
      <UniqueIdentifier>{9508187e-eb23-4047-aafc-51fdbb8574ac}</UniqueIdentifier>
    </Filter>
    <Filter Include="オブジェクトファイル\Tree">
      <UniqueIdentifier>{cc1081e5-1ebc-4e12-95bd-3f0bc116720b}</UniqueIdentifier>
    </Filter>
    <Filter Include="フレームファイル\Scene">
      <UniqueIdentifier>{1a8ddf13-90f9-4bcb-8f69-e26c501622b3}</UniqueIdentifier>
    </Filter>
    <Filter Include="フレームファイル\Scene\Title">
      <UniqueIdentifier>{c551e1d3-8777-40ba-b769-020998bcf70d}</UniqueIdentifier>
    </Filter>
    <Filter Include="フレームファイル\Scene\Game">
      <UniqueIdentifier>{bd391930-17d3-4054-928b-d7bf2b57764a}</UniqueIdentifier>
    </Filter>
    <Filter Include="フレームファイル\main">
      <UniqueIdentifier>{2d429224-9d53-468a-8e45-6e38c67ada2a}</UniqueIdentifier>
    </Filter>
    <Filter Include="フレームファイル\Manager">
      <UniqueIdentifier>{227e19e5-3958-4c3a-90a8-cdb623bc2956}</UniqueIdentifier>
    </Filter>
    <Filter Include="フレームファイル\Input">
      <UniqueIdentifier>{d06ecc27-d55d-4bf1-9f6f-2e9a1589d904}</UniqueIdentifier>
    </Filter>
    <Filter Include="フレームファイル\rendrer">
      <UniqueIdentifier>{05d58f39-2fab-4f4a-b6bd-4e143211f5b4}</UniqueIdentifier>
    </Filter>
    <Filter Include="フレームファイル\modelRenderer">
      <UniqueIdentifier>{d24fb3c9-5046-4958-8964-af8f0efb7684}</UniqueIdentifier>
    </Filter>
    <Filter Include="フレームファイル\Scene\Result">
      <UniqueIdentifier>{6743496a-fa26-46ee-9037-85d4b5d1e271}</UniqueIdentifier>
    </Filter>
    <Filter Include="シェーダーファイル">
      <UniqueIdentifier>{67DA6AB6-F800-4c08-8B7A-83BB121AAD01}</UniqueIdentifier>
      <Extensions>rc;ico;cur;bmp;dlg;rc2;rct;bin;rgs;gif;jpg;jpeg;jpe;resx;tiff;tif;png;wav;mfcribbon-ms</Extensions>
    </Filter>
    <Filter Include="オブジェクトファイル\Particle">
      <UniqueIdentifier>{e034a038-5dc3-4cc6-b479-920b1a0b9a19}</UniqueIdentifier>
    </Filter>
  </ItemGroup>
  <ItemGroup>
    <ClCompile Include="imgui-master\imgui-master\backends\imgui_impl_dx11.cpp">
      <Filter>imgui\backends</Filter>
    </ClCompile>
    <ClCompile Include="imgui-master\imgui-master\backends\imgui_impl_win32.cpp">
      <Filter>imgui\backends</Filter>
    </ClCompile>
    <ClCompile Include="imgui-master\imgui-master\imgui.cpp">
      <Filter>imgui</Filter>
    </ClCompile>
    <ClCompile Include="imgui-master\imgui-master\imgui_demo.cpp">
      <Filter>imgui</Filter>
    </ClCompile>
    <ClCompile Include="imgui-master\imgui-master\imgui_draw.cpp">
      <Filter>imgui</Filter>
    </ClCompile>
    <ClCompile Include="imgui-master\imgui-master\imgui_tables.cpp">
      <Filter>imgui</Filter>
    </ClCompile>
    <ClCompile Include="imgui-master\imgui-master\imgui_widgets.cpp">
      <Filter>imgui</Filter>
    </ClCompile>
    <ClCompile Include="Billboard.cpp">
      <Filter>オブジェクトファイル\Billboard</Filter>
    </ClCompile>
    <ClCompile Include="Box.cpp">
      <Filter>オブジェクトファイル\Box</Filter>
    </ClCompile>
    <ClCompile Include="Bullet.cpp">
      <Filter>オブジェクトファイル\Bullet</Filter>
    </ClCompile>
    <ClCompile Include="Camera.cpp">
      <Filter>オブジェクトファイル\Camera</Filter>
    </ClCompile>
    <ClCompile Include="Cube.cpp">
      <Filter>オブジェクトファイル\Cube</Filter>
    </ClCompile>
    <ClCompile Include="Enemy.cpp">
      <Filter>オブジェクトファイル\Enemy</Filter>
    </ClCompile>
    <ClCompile Include="Explosion.cpp">
      <Filter>オブジェクトファイル\Effect\Explosion</Filter>
    </ClCompile>
    <ClCompile Include="Field.cpp">
      <Filter>オブジェクトファイル\Field</Filter>
    </ClCompile>
    <ClCompile Include="Player.cpp">
      <Filter>オブジェクトファイル\Player</Filter>
    </ClCompile>
    <ClCompile Include="tree.cpp">
      <Filter>オブジェクトファイル\Tree</Filter>
    </ClCompile>
    <ClCompile Include="Sky.cpp">
      <Filter>オブジェクトファイル\Sky</Filter>
    </ClCompile>
    <ClCompile Include="Polygon2D.cpp">
      <Filter>オブジェクトファイル\Polygon2D</Filter>
    </ClCompile>
    <ClCompile Include="TitleScene.cpp">
      <Filter>フレームファイル\Scene\Title</Filter>
    </ClCompile>
    <ClCompile Include="GameScene.cpp">
      <Filter>フレームファイル\Scene\Game</Filter>
    </ClCompile>
    <ClCompile Include="main.cpp">
      <Filter>フレームファイル\main</Filter>
    </ClCompile>
    <ClCompile Include="manager.cpp">
      <Filter>フレームファイル\Manager</Filter>
    </ClCompile>
    <ClCompile Include="input.cpp">
      <Filter>フレームファイル\Input</Filter>
    </ClCompile>
    <ClCompile Include="renderer.cpp">
      <Filter>フレームファイル\rendrer</Filter>
    </ClCompile>
    <ClCompile Include="modelRenderer.cpp">
      <Filter>フレームファイル\modelRenderer</Filter>
    </ClCompile>
    <ClCompile Include="ResultScene.cpp">
      <Filter>フレームファイル\Scene\Result</Filter>
    </ClCompile>
    <ClCompile Include="Particle.cpp">
      <Filter>オブジェクトファイル\Particle</Filter>
    </ClCompile>
  </ItemGroup>
  <ItemGroup>
    <ClInclude Include="imgui-master\imgui-master\backends\imgui_impl_dx11.h">
      <Filter>imgui\backends</Filter>
    </ClInclude>
    <ClInclude Include="imgui-master\imgui-master\backends\imgui_impl_win32.h">
      <Filter>imgui\backends</Filter>
    </ClInclude>
    <ClInclude Include="imgui-master\imgui-master\imconfig.h">
      <Filter>imgui</Filter>
    </ClInclude>
    <ClInclude Include="imgui-master\imgui-master\imgui.h">
      <Filter>imgui</Filter>
    </ClInclude>
    <ClInclude Include="imgui-master\imgui-master\imgui_internal.h">
      <Filter>imgui</Filter>
    </ClInclude>
    <ClInclude Include="imgui-master\imgui-master\imstb_rectpack.h">
      <Filter>imgui</Filter>
    </ClInclude>
    <ClInclude Include="imgui-master\imgui-master\imstb_textedit.h">
      <Filter>imgui</Filter>
    </ClInclude>
    <ClInclude Include="imgui-master\imgui-master\imstb_truetype.h">
      <Filter>imgui</Filter>
    </ClInclude>
    <ClInclude Include="GameObject.h">
      <Filter>オブジェクトファイル</Filter>
    </ClInclude>
    <ClInclude Include="component.h">
      <Filter>フレームファイル</Filter>
    </ClInclude>
    <ClInclude Include="Vector3.h">
      <Filter>フレームファイル</Filter>
    </ClInclude>
    <ClInclude Include="Billboard.h">
      <Filter>オブジェクトファイル\Billboard</Filter>
    </ClInclude>
    <ClInclude Include="Box.h">
      <Filter>オブジェクトファイル\Box</Filter>
    </ClInclude>
    <ClInclude Include="Bullet.h">
      <Filter>オブジェクトファイル\Bullet</Filter>
    </ClInclude>
    <ClInclude Include="Camera.h">
      <Filter>オブジェクトファイル\Camera</Filter>
    </ClInclude>
    <ClInclude Include="Cube.h">
      <Filter>オブジェクトファイル\Cube</Filter>
    </ClInclude>
    <ClInclude Include="Enemy.h">
      <Filter>オブジェクトファイル\Enemy</Filter>
    </ClInclude>
    <ClInclude Include="Explosion.h">
      <Filter>オブジェクトファイル\Effect\Explosion</Filter>
    </ClInclude>
    <ClInclude Include="Field.h">
      <Filter>オブジェクトファイル\Field</Filter>
    </ClInclude>
    <ClInclude Include="Player.h">
      <Filter>オブジェクトファイル\Player</Filter>
    </ClInclude>
    <ClInclude Include="tree.h">
      <Filter>オブジェクトファイル\Tree</Filter>
    </ClInclude>
    <ClInclude Include="Sky.h">
      <Filter>オブジェクトファイル\Sky</Filter>
    </ClInclude>
    <ClInclude Include="Polygon2D.h">
      <Filter>オブジェクトファイル\Polygon2D</Filter>
    </ClInclude>
    <ClInclude Include="TitleScene.h">
      <Filter>フレームファイル\Scene\Title</Filter>
    </ClInclude>
    <ClInclude Include="Scene.h">
      <Filter>フレームファイル\Scene</Filter>
    </ClInclude>
    <ClInclude Include="GameScene.h">
      <Filter>フレームファイル\Scene\Game</Filter>
    </ClInclude>
    <ClInclude Include="main.h">
      <Filter>フレームファイル\main</Filter>
    </ClInclude>
    <ClInclude Include="manager.h">
      <Filter>フレームファイル\Manager</Filter>
    </ClInclude>
    <ClInclude Include="input.h">
      <Filter>フレームファイル\Input</Filter>
    </ClInclude>
    <ClInclude Include="renderer.h">
      <Filter>フレームファイル\rendrer</Filter>
    </ClInclude>
    <ClInclude Include="modelRenderer.h">
      <Filter>フレームファイル\modelRenderer</Filter>
    </ClInclude>
    <ClInclude Include="ResultScene.h">
      <Filter>フレームファイル\Scene\Result</Filter>
    </ClInclude>
    <ClInclude Include="Particle.h">
      <Filter>オブジェクトファイル\Particle</Filter>
    </ClInclude>
  </ItemGroup>
  <ItemGroup>
    <FxCompile Include="shader\common.hlsl">
      <Filter>シェーダーファイル</Filter>
    </FxCompile>
    <FxCompile Include="shader\unlitTexturePS.hlsl">
      <Filter>シェーダーファイル</Filter>
    </FxCompile>
    <FxCompile Include="shader\unlitTextureVS.hlsl">
      <Filter>シェーダーファイル</Filter>
    </FxCompile>
  </ItemGroup>
</Project>